
Microsoft Visual Studio Solution File, Format Version 12.00
# Visual Studio 14
VisualStudioVersion = 14.0.25420.1
MinimumVisualStudioVersion = 10.0.40219.1
Project("{E24C65DC-7377-472B-9ABA-BC803B73C61A}") = "Website(1)", "Website\", "{15B0E249-F637-42F8-B3E4-62F1BCDA3ED9}"
	ProjectSection(WebsiteProperties) = preProject
		TargetFrameworkMoniker = ".NETFramework,Version%3Dv4.5.2"
		Debug.AspNetCompiler.VirtualPath = "/localhost_57325"
		Debug.AspNetCompiler.PhysicalPath = "Website\"
		Debug.AspNetCompiler.TargetPath = "PrecompiledWeb\localhost_57325\"
		Debug.AspNetCompiler.Updateable = "true"
		Debug.AspNetCompiler.ForceOverwrite = "true"
		Debug.AspNetCompiler.FixedNames = "false"
		Debug.AspNetCompiler.Debug = "True"
		Release.AspNetCompiler.VirtualPath = "/localhost_57325"
		Release.AspNetCompiler.PhysicalPath = "Website\"
		Release.AspNetCompiler.TargetPath = "PrecompiledWeb\localhost_57325\"
		Release.AspNetCompiler.Updateable = "true"
		Release.AspNetCompiler.ForceOverwrite = "true"
		Release.AspNetCompiler.FixedNames = "false"
		Release.AspNetCompiler.Debug = "False"
		VWDPort = "57325"
	EndProjectSection
EndProject
Project("{FAE04EC0-301F-11D3-BF4B-00C04F79EFBC}") = "NorthwindSystem", "NorthwindSystem\NorthwindSystem.csproj", "{DBE37003-0B0F-468F-A7A1-3DA54006C214}"
EndProject
Project("{FAE04EC0-301F-11D3-BF4B-00C04F79EFBC}") = "NorthwindSystem.Data", "NorthwindSystem.Data\NorthwindSystem.Data.csproj", "{E621BF4D-4299-4531-A46F-2A48F3E2EEDD}"
EndProject
Global
	GlobalSection(SolutionConfigurationPlatforms) = preSolution
		Debug|Any CPU = Debug|Any CPU
		Release|Any CPU = Release|Any CPU
	EndGlobalSection
	GlobalSection(ProjectConfigurationPlatforms) = postSolution
		{15B0E249-F637-42F8-B3E4-62F1BCDA3ED9}.Debug|Any CPU.ActiveCfg = Debug|Any CPU
		{15B0E249-F637-42F8-B3E4-62F1BCDA3ED9}.Debug|Any CPU.Build.0 = Debug|Any CPU
		{15B0E249-F637-42F8-B3E4-62F1BCDA3ED9}.Release|Any CPU.ActiveCfg = Debug|Any CPU
		{15B0E249-F637-42F8-B3E4-62F1BCDA3ED9}.Release|Any CPU.Build.0 = Debug|Any CPU
		{DBE37003-0B0F-468F-A7A1-3DA54006C214}.Debug|Any CPU.ActiveCfg = Debug|Any CPU
		{DBE37003-0B0F-468F-A7A1-3DA54006C214}.Debug|Any CPU.Build.0 = Debug|Any CPU
		{DBE37003-0B0F-468F-A7A1-3DA54006C214}.Release|Any CPU.ActiveCfg = Release|Any CPU
		{DBE37003-0B0F-468F-A7A1-3DA54006C214}.Release|Any CPU.Build.0 = Release|Any CPU
		{E621BF4D-4299-4531-A46F-2A48F3E2EEDD}.Debug|Any CPU.ActiveCfg = Debug|Any CPU
		{E621BF4D-4299-4531-A46F-2A48F3E2EEDD}.Debug|Any CPU.Build.0 = Debug|Any CPU
		{E621BF4D-4299-4531-A46F-2A48F3E2EEDD}.Release|Any CPU.ActiveCfg = Release|Any CPU
		{E621BF4D-4299-4531-A46F-2A48F3E2EEDD}.Release|Any CPU.Build.0 = Release|Any CPU
	EndGlobalSection
	GlobalSection(SolutionProperties) = preSolution
		HideSolutionNode = FALSE
	EndGlobalSection
EndGlobal
